{
  "name": "mentorship_frontend",
  "lockfileVersion": 2,
  "requires": true,
  "packages": {
    "": {
      "dependencies": {
        "json-into-html": "^1.0.0"
      }
    },
    "node_modules/json-into-html": {
      "version": "1.0.0",
      "resolved": "https://registry.npmjs.org/json-into-html/-/json-into-html-1.0.0.tgz",
      "integrity": "sha512-wWspfoNRt1PBC9xnWlUuuACKG1FJh26SIy4h4/HRJVzhjUOUwf8YxRTwKdDAQCLnbrIvGM7Qx98yJqpA+utCOg=="
    }
  },
  "dependencies": {
    "json-into-html": {
      "version": "1.0.0",
      "resolved": "https://registry.npmjs.org/json-into-html/-/json-into-html-1.0.0.tgz",
      "integrity": "sha512-wWspfoNRt1PBC9xnWlUuuACKG1FJh26SIy4h4/HRJVzhjUOUwf8YxRTwKdDAQCLnbrIvGM7Qx98yJqpA+utCOg=="
    }
  }
}
